
Microsoft Visual Studio Solution File, Format Version 12.00
# Visual Studio Version 17
VisualStudioVersion = 17.5.002.0
MinimumVisualStudioVersion = 10.0.40219.1
Project("{9A19103F-16F7-4668-BE54-9A1E7A4F7556}") = "core_products_categories", "core_products_categories.csproj", "{56A95857-6700-4264-83C4-A6489F048344}"
EndProject
Global
	GlobalSection(SolutionConfigurationPlatforms) = preSolution
		Debug|Any CPU = Debug|Any CPU
		Release|Any CPU = Release|Any CPU
	EndGlobalSection
	GlobalSection(ProjectConfigurationPlatforms) = postSolution
		{56A95857-6700-4264-83C4-A6489F048344}.Debug|Any CPU.ActiveCfg = Debug|Any CPU
		{56A95857-6700-4264-83C4-A6489F048344}.Debug|Any CPU.Build.0 = Debug|Any CPU
		{56A95857-6700-4264-83C4-A6489F048344}.Release|Any CPU.ActiveCfg = Release|Any CPU
		{56A95857-6700-4264-83C4-A6489F048344}.Release|Any CPU.Build.0 = Release|Any CPU
	EndGlobalSection
	GlobalSection(SolutionProperties) = preSolution
		HideSolutionNode = FALSE
	EndGlobalSection
	GlobalSection(ExtensibilityGlobals) = postSolution
		SolutionGuid = {82E0AD91-13F1-4359-8294-F0C6DFFED5D6}
	EndGlobalSection
EndGlobal
