
Microsoft Visual Studio Solution File, Format Version 12.00
# Visual Studio Version 17
VisualStudioVersion = 17.5.002.0
MinimumVisualStudioVersion = 10.0.40219.1
Project("{9A19103F-16F7-4668-BE54-9A1E7A4F7556}") = "optional_puzzles", "optional_puzzles.csproj", "{93678858-AC73-45DD-BC77-EABE5B0D47E4}"
EndProject
Global
	GlobalSection(SolutionConfigurationPlatforms) = preSolution
		Debug|Any CPU = Debug|Any CPU
		Release|Any CPU = Release|Any CPU
	EndGlobalSection
	GlobalSection(ProjectConfigurationPlatforms) = postSolution
		{93678858-AC73-45DD-BC77-EABE5B0D47E4}.Debug|Any CPU.ActiveCfg = Debug|Any CPU
		{93678858-AC73-45DD-BC77-EABE5B0D47E4}.Debug|Any CPU.Build.0 = Debug|Any CPU
		{93678858-AC73-45DD-BC77-EABE5B0D47E4}.Release|Any CPU.ActiveCfg = Release|Any CPU
		{93678858-AC73-45DD-BC77-EABE5B0D47E4}.Release|Any CPU.Build.0 = Release|Any CPU
	EndGlobalSection
	GlobalSection(SolutionProperties) = preSolution
		HideSolutionNode = FALSE
	EndGlobalSection
	GlobalSection(ExtensibilityGlobals) = postSolution
		SolutionGuid = {B62C3139-6151-4AEF-B8D5-31747584141B}
	EndGlobalSection
EndGlobal
