
Microsoft Visual Studio Solution File, Format Version 12.00
# Visual Studio Version 17
VisualStudioVersion = 17.5.002.0
MinimumVisualStudioVersion = 10.0.40219.1
Project("{9A19103F-16F7-4668-BE54-9A1E7A4F7556}") = "core_game-developer-1", "core_game-developer-1.csproj", "{28DEBFEA-C538-4824-89F7-179DE604DD0A}"
EndProject
Global
	GlobalSection(SolutionConfigurationPlatforms) = preSolution
		Debug|Any CPU = Debug|Any CPU
		Release|Any CPU = Release|Any CPU
	EndGlobalSection
	GlobalSection(ProjectConfigurationPlatforms) = postSolution
		{28DEBFEA-C538-4824-89F7-179DE604DD0A}.Debug|Any CPU.ActiveCfg = Debug|Any CPU
		{28DEBFEA-C538-4824-89F7-179DE604DD0A}.Debug|Any CPU.Build.0 = Debug|Any CPU
		{28DEBFEA-C538-4824-89F7-179DE604DD0A}.Release|Any CPU.ActiveCfg = Release|Any CPU
		{28DEBFEA-C538-4824-89F7-179DE604DD0A}.Release|Any CPU.Build.0 = Release|Any CPU
	EndGlobalSection
	GlobalSection(SolutionProperties) = preSolution
		HideSolutionNode = FALSE
	EndGlobalSection
	GlobalSection(ExtensibilityGlobals) = postSolution
		SolutionGuid = {75A1A9C7-A242-4309-8E8B-C4B568FFE2E0}
	EndGlobalSection
EndGlobal
